// !$*UTF8*$!
{
	archiveVersion = 1;
	classes = {
	};
	objectVersion = 46;
	objects = {

/* Begin PBXBuildFile section */
		00748058165D41390024B57A /* assets in Resources */ = {isa = PBXBuildFile; fileRef = 00748057165D41390024B57A /* assets */; };
		0087D25512CD809F002CD69F /* CoreText.framework in Frameworks */ = {isa = PBXBuildFile; fileRef = 0087D25412CD809F002CD69F /* CoreText.framework */; };
		00A66A361965AC8800B17EB3 /* Accelerate.framework in Frameworks */ = {isa = PBXBuildFile; fileRef = 00A66A351965AC8800B17EB3 /* Accelerate.framework */; };
		00CFDF6B1138442D0091E310 /* CoreGraphics.framework in Frameworks */ = {isa = PBXBuildFile; fileRef = 00CFDF6A1138442D0091E310 /* CoreGraphics.framework */; };
		1D60589F0D05DD5A006BFB54 /* Foundation.framework in Frameworks */ = {isa = PBXBuildFile; fileRef = 1D30AB110D05D00D00671497 /* Foundation.framework */; };
		1DF5F4E00D08C38300B7A737 /* UIKit.framework in Frameworks */ = {isa = PBXBuildFile; fileRef = 1DF5F4DF0D08C38300B7A737 /* UIKit.framework */; };
		28FD15000DC6FC520079059D /* OpenGLES.framework in Frameworks */ = {isa = PBXBuildFile; fileRef = 28FD14FF0DC6FC520079059D /* OpenGLES.framework */; };
		28FD15080DC6FC5B0079059D /* QuartzCore.framework in Frameworks */ = {isa = PBXBuildFile; fileRef = 28FD15070DC6FC5B0079059D /* QuartzCore.framework */; };
		342838681C40479BA2622AB8 /* AssetManager.cpp in Sources */ = {isa = PBXBuildFile; fileRef = 54883472418E4DDA9D9F4551 /* AssetManager.cpp */; };
		742EF2891D4D029600D5A305 /* cameraCalibration.cpp in Sources */ = {isa = PBXBuildFile; fileRef = 742EF2771D4D029600D5A305 /* cameraCalibration.cpp */; };
		742EF28A1D4D029600D5A305 /* commonCvFunctions.cpp in Sources */ = {isa = PBXBuildFile; fileRef = 742EF2791D4D029600D5A305 /* commonCvFunctions.cpp */; };
		742EF28B1D4D029600D5A305 /* controlOR.cpp in Sources */ = {isa = PBXBuildFile; fileRef = 742EF27B1D4D029600D5A305 /* controlOR.cpp */; };
		742EF28C1D4D029600D5A305 /* imageDB.cpp in Sources */ = {isa = PBXBuildFile; fileRef = 742EF27D1D4D029600D5A305 /* imageDB.cpp */; };
		742EF28D1D4D029600D5A305 /* kltTrackingOBJ.cpp in Sources */ = {isa = PBXBuildFile; fileRef = 742EF27F1D4D029600D5A305 /* kltTrackingOBJ.cpp */; };
		742EF28E1D4D029600D5A305 /* orException.cpp in Sources */ = {isa = PBXBuildFile; fileRef = 742EF2811D4D029600D5A305 /* orException.cpp */; };
		742EF28F1D4D029600D5A305 /* trackingOBJ.cpp in Sources */ = {isa = PBXBuildFile; fileRef = 742EF2831D4D029600D5A305 /* trackingOBJ.cpp */; };
		742EF2901D4D029600D5A305 /* utilFunctions.cpp in Sources */ = {isa = PBXBuildFile; fileRef = 742EF2851D4D029600D5A305 /* utilFunctions.cpp */; };
		742EF2911D4D029600D5A305 /* visualWords.cpp in Sources */ = {isa = PBXBuildFile; fileRef = 742EF2871D4D029600D5A305 /* visualWords.cpp */; };
		A0586F505E3C44DDAA5AC7D8 /* LaunchScreen.xib in Resources */ = {isa = PBXBuildFile; fileRef = 7113B9C7E4F7411587B569F3 /* LaunchScreen.xib */; };
		A3E96E9C6C4F4D1695B1E887 /* CinderApp_ios.png in Resources */ = {isa = PBXBuildFile; fileRef = 198BF4DEA825428C82CF9CA6 /* CinderApp_ios.png */; };
		A863C7DC97014D2086E2F3F5 /* MiniConfig.cpp in Sources */ = {isa = PBXBuildFile; fileRef = DB86359D379F4495A4E37207 /* MiniConfig.cpp */; };
		BE72903DF0424478AA9312B6 /* Images.xcassets in Resources */ = {isa = PBXBuildFile; fileRef = E28F1FA268DA427896E52042 /* Images.xcassets */; };
		C725DFFE121DAC7F00FA186B /* CoreMedia.framework in Frameworks */ = {isa = PBXBuildFile; fileRef = C727C02B121B400300192073 /* CoreMedia.framework */; settings = {ATTRIBUTES = (Weak, ); }; };
		C725E001121DAC8F00FA186B /* AVFoundation.framework in Frameworks */ = {isa = PBXBuildFile; fileRef = C725E000121DAC8F00FA186B /* AVFoundation.framework */; settings = {ATTRIBUTES = (Weak, ); }; };
		C725E001121DAC8FFFFA18FF /* ImageIO.framework in Frameworks */ = {isa = PBXBuildFile; fileRef = 00CFDF6A1138442D0091FFFF /* ImageIO.framework */; };
		C727C02E121B400300192073 /* CoreVideo.framework in Frameworks */ = {isa = PBXBuildFile; fileRef = C727C02D121B400300192073 /* CoreVideo.framework */; settings = {ATTRIBUTES = (Weak, ); }; };
		C7FB19D6124BC0D70045AFD2 /* AudioToolbox.framework in Frameworks */ = {isa = PBXBuildFile; fileRef = C7FB19D5124BC0D70045AFD2 /* AudioToolbox.framework */; };
		CD2D52C1098F48A685B4200C /* DistortionHelper.cpp in Sources */ = {isa = PBXBuildFile; fileRef = 5CBF69EE1CF64BE792CB0C98 /* DistortionHelper.cpp */; };
		D438A5D1D92F490A96D995A9 /* CinderMarklessARApp.cpp in Sources */ = {isa = PBXBuildFile; fileRef = 1EC92B38C71A457DA53C7462 /* CinderMarklessARApp.cpp */; };
		DDDDE001121DAC8FFFFADDDD /* MobileCoreServices.framework in Frameworks */ = {isa = PBXBuildFile; fileRef = DDDDDF6A1138442D0091DDDD /* MobileCoreServices.framework */; };
/* End PBXBuildFile section */

/* Begin PBXFileReference section */
		00692BCF14FF149000D0A05E /* CinderMarklessAR.app */ = {isa = PBXFileReference; explicitFileType = wrapper.application; includeInIndex = 0; path = CinderMarklessAR.app; sourceTree = BUILT_PRODUCTS_DIR; };
		00748057165D41390024B57A /* assets */ = {isa = PBXFileReference; lastKnownFileType = folder; name = assets; path = ../assets; sourceTree = "<group>"; };
		0087D25412CD809F002CD69F /* CoreText.framework */ = {isa = PBXFileReference; lastKnownFileType = wrapper.framework; name = CoreText.framework; path = System/Library/Frameworks/CoreText.framework; sourceTree = SDKROOT; };
		00A66A351965AC8800B17EB3 /* Accelerate.framework */ = {isa = PBXFileReference; lastKnownFileType = wrapper.framework; name = Accelerate.framework; path = System/Library/Frameworks/Accelerate.framework; sourceTree = SDKROOT; };
		00CFDF6A1138442D0091E310 /* CoreGraphics.framework */ = {isa = PBXFileReference; lastKnownFileType = wrapper.framework; name = CoreGraphics.framework; path = System/Library/Frameworks/CoreGraphics.framework; sourceTree = SDKROOT; };
		00CFDF6A1138442D0091FFFF /* ImageIO.framework */ = {isa = PBXFileReference; lastKnownFileType = wrapper.framework; name = ImageIO.framework; path = System/Library/Frameworks/ImageIO.framework; sourceTree = SDKROOT; };
		198BF4DEA825428C82CF9CA6 /* CinderApp_ios.png */ = {isa = PBXFileReference; lastKnownFileType = "\"\""; name = CinderApp_ios.png; path = ../resources/CinderApp_ios.png; sourceTree = "<group>"; };
		1D30AB110D05D00D00671497 /* Foundation.framework */ = {isa = PBXFileReference; lastKnownFileType = wrapper.framework; name = Foundation.framework; path = System/Library/Frameworks/Foundation.framework; sourceTree = SDKROOT; };
		1DF5F4DF0D08C38300B7A737 /* UIKit.framework */ = {isa = PBXFileReference; lastKnownFileType = wrapper.framework; name = UIKit.framework; path = System/Library/Frameworks/UIKit.framework; sourceTree = SDKROOT; };
		1EC92B38C71A457DA53C7462 /* CinderMarklessARApp.cpp */ = {isa = PBXFileReference; lastKnownFileType = sourcecode.c.cpp; name = CinderMarklessARApp.cpp; path = ../src/CinderMarklessARApp.cpp; sourceTree = "<group>"; };
		240ABC6D25EC497DB1A41A8A /* AssetManager.h */ = {isa = PBXFileReference; lastKnownFileType = sourcecode.c.h; name = AssetManager.h; path = "../../Cinder/blocks/Cinder-VNM/include/AssetManager.h"; sourceTree = "<group>"; };
		28FD14FF0DC6FC520079059D /* OpenGLES.framework */ = {isa = PBXFileReference; lastKnownFileType = wrapper.framework; name = OpenGLES.framework; path = System/Library/Frameworks/OpenGLES.framework; sourceTree = SDKROOT; };
		28FD15070DC6FC5B0079059D /* QuartzCore.framework */ = {isa = PBXFileReference; lastKnownFileType = wrapper.framework; name = QuartzCore.framework; path = System/Library/Frameworks/QuartzCore.framework; sourceTree = SDKROOT; };
		2BFC963BC5834F2C952F0246 /* TextureHelper.h */ = {isa = PBXFileReference; lastKnownFileType = sourcecode.c.h; name = TextureHelper.h; path = "../../Cinder/blocks/Cinder-VNM/include/TextureHelper.h"; sourceTree = "<group>"; };
		54883472418E4DDA9D9F4551 /* AssetManager.cpp */ = {isa = PBXFileReference; explicitFileType = "\"\""; lastKnownFileType = sourcecode.cpp.cpp; name = AssetManager.cpp; path = "../../Cinder/blocks/Cinder-VNM/src/AssetManager.cpp"; sourceTree = "<group>"; };
		5CBF69EE1CF64BE792CB0C98 /* DistortionHelper.cpp */ = {isa = PBXFileReference; explicitFileType = "\"\""; lastKnownFileType = sourcecode.cpp.cpp; name = DistortionHelper.cpp; path = "../../Cinder/blocks/Cinder-VNM/src/DistortionHelper.cpp"; sourceTree = "<group>"; };
		7113B9C7E4F7411587B569F3 /* LaunchScreen.xib */ = {isa = PBXFileReference; lastKnownFileType = "\"\""; path = LaunchScreen.xib; sourceTree = "<group>"; };
		742EF2771D4D029600D5A305 /* cameraCalibration.cpp */ = {isa = PBXFileReference; fileEncoding = 4; lastKnownFileType = sourcecode.cpp.cpp; path = cameraCalibration.cpp; sourceTree = "<group>"; };
		742EF2781D4D029600D5A305 /* cameraCalibration.h */ = {isa = PBXFileReference; fileEncoding = 4; lastKnownFileType = sourcecode.c.h; path = cameraCalibration.h; sourceTree = "<group>"; };
		742EF2791D4D029600D5A305 /* commonCvFunctions.cpp */ = {isa = PBXFileReference; fileEncoding = 4; lastKnownFileType = sourcecode.cpp.cpp; path = commonCvFunctions.cpp; sourceTree = "<group>"; };
		742EF27A1D4D029600D5A305 /* commonCvFunctions.h */ = {isa = PBXFileReference; fileEncoding = 4; lastKnownFileType = sourcecode.c.h; path = commonCvFunctions.h; sourceTree = "<group>"; };
		742EF27B1D4D029600D5A305 /* controlOR.cpp */ = {isa = PBXFileReference; fileEncoding = 4; lastKnownFileType = sourcecode.cpp.cpp; path = controlOR.cpp; sourceTree = "<group>"; };
		742EF27C1D4D029600D5A305 /* controlOR.h */ = {isa = PBXFileReference; fileEncoding = 4; lastKnownFileType = sourcecode.c.h; path = controlOR.h; sourceTree = "<group>"; };
		742EF27D1D4D029600D5A305 /* imageDB.cpp */ = {isa = PBXFileReference; fileEncoding = 4; lastKnownFileType = sourcecode.cpp.cpp; path = imageDB.cpp; sourceTree = "<group>"; };
		742EF27E1D4D029600D5A305 /* imageDB.h */ = {isa = PBXFileReference; fileEncoding = 4; lastKnownFileType = sourcecode.c.h; path = imageDB.h; sourceTree = "<group>"; };
		742EF27F1D4D029600D5A305 /* kltTrackingOBJ.cpp */ = {isa = PBXFileReference; fileEncoding = 4; lastKnownFileType = sourcecode.cpp.cpp; path = kltTrackingOBJ.cpp; sourceTree = "<group>"; };
		742EF2801D4D029600D5A305 /* kltTrackingOBJ.h */ = {isa = PBXFileReference; fileEncoding = 4; lastKnownFileType = sourcecode.c.h; path = kltTrackingOBJ.h; sourceTree = "<group>"; };
		742EF2811D4D029600D5A305 /* orException.cpp */ = {isa = PBXFileReference; fileEncoding = 4; lastKnownFileType = sourcecode.cpp.cpp; path = orException.cpp; sourceTree = "<group>"; };
		742EF2821D4D029600D5A305 /* orException.h */ = {isa = PBXFileReference; fileEncoding = 4; lastKnownFileType = sourcecode.c.h; path = orException.h; sourceTree = "<group>"; };
		742EF2831D4D029600D5A305 /* trackingOBJ.cpp */ = {isa = PBXFileReference; fileEncoding = 4; lastKnownFileType = sourcecode.cpp.cpp; path = trackingOBJ.cpp; sourceTree = "<group>"; };
		742EF2841D4D029600D5A305 /* trackingOBJ.h */ = {isa = PBXFileReference; fileEncoding = 4; lastKnownFileType = sourcecode.c.h; path = trackingOBJ.h; sourceTree = "<group>"; };
		742EF2851D4D029600D5A305 /* utilFunctions.cpp */ = {isa = PBXFileReference; fileEncoding = 4; lastKnownFileType = sourcecode.cpp.cpp; path = utilFunctions.cpp; sourceTree = "<group>"; };
		742EF2861D4D029600D5A305 /* utilFunctions.h */ = {isa = PBXFileReference; fileEncoding = 4; lastKnownFileType = sourcecode.c.h; path = utilFunctions.h; sourceTree = "<group>"; };
		742EF2871D4D029600D5A305 /* visualWords.cpp */ = {isa = PBXFileReference; fileEncoding = 4; lastKnownFileType = sourcecode.cpp.cpp; path = visualWords.cpp; sourceTree = "<group>"; };
		742EF2881D4D029600D5A305 /* visualWords.h */ = {isa = PBXFileReference; fileEncoding = 4; lastKnownFileType = sourcecode.c.h; path = visualWords.h; sourceTree = "<group>"; };
		74681607BCEC43448F2C8DBD /* DistortionHelper.h */ = {isa = PBXFileReference; lastKnownFileType = sourcecode.c.h; name = DistortionHelper.h; path = "../../Cinder/blocks/Cinder-VNM/include/DistortionHelper.h"; sourceTree = "<group>"; };
		918C8A08C4BE4120BD311AE5 /* CinderOpenCV.h */ = {isa = PBXFileReference; lastKnownFileType = sourcecode.c.h; name = CinderOpenCV.h; path = "../../Cinder/blocks/Cinder-OpenCV3/include/CinderOpenCV.h"; sourceTree = "<group>"; };
		965047DF84FC467180B7338C /* CaptureHelper.h */ = {isa = PBXFileReference; lastKnownFileType = sourcecode.c.h; name = CaptureHelper.h; path = "../../Cinder/blocks/Cinder-VNM/include/CaptureHelper.h"; sourceTree = "<group>"; };
		989482DE57C847D59451D8D7 /* Resources.h */ = {isa = PBXFileReference; lastKnownFileType = sourcecode.c.h; name = Resources.h; path = ../include/Resources.h; sourceTree = "<group>"; };
		B54742EB77AE442F9B341EAB /* GlslParamsBuilder.h */ = {isa = PBXFileReference; lastKnownFileType = sourcecode.c.h; name = GlslParamsBuilder.h; path = "../../Cinder/blocks/Cinder-VNM/include/GlslParamsBuilder.h"; sourceTree = "<group>"; };
		BD1E6B430A5F400C83FD7E7F /* StateMachine.h */ = {isa = PBXFileReference; lastKnownFileType = sourcecode.c.h; name = StateMachine.h; path = "../../Cinder/blocks/Cinder-VNM/include/StateMachine.h"; sourceTree = "<group>"; };
		C725E000121DAC8F00FA186B /* AVFoundation.framework */ = {isa = PBXFileReference; lastKnownFileType = wrapper.framework; name = AVFoundation.framework; path = System/Library/Frameworks/AVFoundation.framework; sourceTree = SDKROOT; };
		C727C02B121B400300192073 /* CoreMedia.framework */ = {isa = PBXFileReference; lastKnownFileType = wrapper.framework; name = CoreMedia.framework; path = System/Library/Frameworks/CoreMedia.framework; sourceTree = SDKROOT; };
		C727C02D121B400300192073 /* CoreVideo.framework */ = {isa = PBXFileReference; lastKnownFileType = wrapper.framework; name = CoreVideo.framework; path = System/Library/Frameworks/CoreVideo.framework; sourceTree = SDKROOT; };
		C7869D53D8CB4454ADF3C7B2 /* MiniConfigImgui.h */ = {isa = PBXFileReference; lastKnownFileType = sourcecode.c.h; name = MiniConfigImgui.h; path = "../../Cinder/blocks/Cinder-VNM/include/MiniConfigImgui.h"; sourceTree = "<group>"; };
		C7FB19D5124BC0D70045AFD2 /* AudioToolbox.framework */ = {isa = PBXFileReference; lastKnownFileType = wrapper.framework; name = AudioToolbox.framework; path = System/Library/Frameworks/AudioToolbox.framework; sourceTree = SDKROOT; };
		DAD7B68264184A449702BBF8 /* CinderMarklessAR_Prefix.pch */ = {isa = PBXFileReference; lastKnownFileType = "\"\""; path = CinderMarklessAR_Prefix.pch; sourceTree = "<group>"; };
		DB86359D379F4495A4E37207 /* MiniConfig.cpp */ = {isa = PBXFileReference; explicitFileType = "\"\""; lastKnownFileType = sourcecode.cpp.cpp; name = MiniConfig.cpp; path = "../../Cinder/blocks/Cinder-VNM/src/MiniConfig.cpp"; sourceTree = "<group>"; };
		DC70EBF3048E401EB413CCD4 /* MiniConfig.h */ = {isa = PBXFileReference; lastKnownFileType = sourcecode.c.h; name = MiniConfig.h; path = "../../Cinder/blocks/Cinder-VNM/include/MiniConfig.h"; sourceTree = "<group>"; };
		DDDDDF6A1138442D0091DDDD /* MobileCoreServices.framework */ = {isa = PBXFileReference; lastKnownFileType = wrapper.framework; name = MobileCoreServices.framework; path = System/Library/Frameworks/MobileCoreServices.framework; sourceTree = SDKROOT; };
		E28F1FA268DA427896E52042 /* Images.xcassets */ = {isa = PBXFileReference; lastKnownFileType = "\"\""; path = Images.xcassets; sourceTree = "<group>"; };
		EC6DCFEE24CA49FC9584A9CB /* Info.plist */ = {isa = PBXFileReference; lastKnownFileType = text.plist.xml; path = Info.plist; sourceTree = "<group>"; };
		F134CD2FE0A14E4CBCFF45B5 /* MotionHelper.h */ = {isa = PBXFileReference; lastKnownFileType = sourcecode.c.h; name = MotionHelper.h; path = "../../Cinder/blocks/Cinder-VNM/include/MotionHelper.h"; sourceTree = "<group>"; };
/* End PBXFileReference section */

/* Begin PBXFrameworksBuildPhase section */
		00692BCC14FF149000D0A05E /* Frameworks */ = {
			isa = PBXFrameworksBuildPhase;
			buildActionMask = 2147483647;
			files = (
				C725E001121DAC8F00FA186B /* AVFoundation.framework in Frameworks */,
				C725DFFE121DAC7F00FA186B /* CoreMedia.framework in Frameworks */,
				C725E001121DAC8FFFFA18FF /* ImageIO.framework in Frameworks */,
				DDDDE001121DAC8FFFFADDDD /* MobileCoreServices.framework in Frameworks */,
				1D60589F0D05DD5A006BFB54 /* Foundation.framework in Frameworks */,
				1DF5F4E00D08C38300B7A737 /* UIKit.framework in Frameworks */,
				28FD15000DC6FC520079059D /* OpenGLES.framework in Frameworks */,
				28FD15080DC6FC5B0079059D /* QuartzCore.framework in Frameworks */,
				00CFDF6B1138442D0091E310 /* CoreGraphics.framework in Frameworks */,
				C727C02E121B400300192073 /* CoreVideo.framework in Frameworks */,
				C7FB19D6124BC0D70045AFD2 /* AudioToolbox.framework in Frameworks */,
				00A66A361965AC8800B17EB3 /* Accelerate.framework in Frameworks */,
				0087D25512CD809F002CD69F /* CoreText.framework in Frameworks */,
			);
			runOnlyForDeploymentPostprocessing = 0;
		};
/* End PBXFrameworksBuildPhase section */

/* Begin PBXGroup section */
		00692BC414FF149000D0A05E = {
			isa = PBXGroup;
			children = (
				99692BD914FF149000DFFFFF /* Blocks */,
				99692BD914FF149000D0A05F /* Headers */,
				00692BD914FF149000D0A05E /* Source */,
				00692BD914FF149000D0FFFF /* Resources */,
				00692BD214FF149000D0A05E /* Frameworks */,
				00692BD014FF149000D0A05E /* Products */,
			);
			sourceTree = "<group>";
		};
		00692BD014FF149000D0A05E /* Products */ = {
			isa = PBXGroup;
			children = (
				00692BCF14FF149000D0A05E /* CinderMarklessAR.app */,
			);
			name = Products;
			sourceTree = "<group>";
		};
		00692BD214FF149000D0A05E /* Frameworks */ = {
			isa = PBXGroup;
			children = (
				C7FB19D5124BC0D70045AFD2 /* AudioToolbox.framework */,
				00A66A351965AC8800B17EB3 /* Accelerate.framework */,
				C727C02B121B400300192073 /* CoreMedia.framework */,
				C727C02D121B400300192073 /* CoreVideo.framework */,
				28FD15070DC6FC5B0079059D /* QuartzCore.framework */,
				28FD14FF0DC6FC520079059D /* OpenGLES.framework */,
				1DF5F4DF0D08C38300B7A737 /* UIKit.framework */,
				1D30AB110D05D00D00671497 /* Foundation.framework */,
				00CFDF6A1138442D0091E310 /* CoreGraphics.framework */,
				00CFDF6A1138442D0091FFFF /* ImageIO.framework */,
				DDDDDF6A1138442D0091DDDD /* MobileCoreServices.framework */,
				C725E000121DAC8F00FA186B /* AVFoundation.framework */,
				0087D25412CD809F002CD69F /* CoreText.framework */,
			);
			name = Frameworks;
			sourceTree = "<group>";
		};
		00692BD914FF149000D0A05E /* Source */ = {
			isa = PBXGroup;
			children = (
				742EF2761D4D029600D5A305 /* cvar */,
				1EC92B38C71A457DA53C7462 /* CinderMarklessARApp.cpp */,
			);
			name = Source;
			sourceTree = "<group>";
		};
		00692BD914FF149000D0FFFF /* Resources */ = {
			isa = PBXGroup;
			children = (
				00748057165D41390024B57A /* assets */,
				198BF4DEA825428C82CF9CA6 /* CinderApp_ios.png */,
				E28F1FA268DA427896E52042 /* Images.xcassets */,
				7113B9C7E4F7411587B569F3 /* LaunchScreen.xib */,
				EC6DCFEE24CA49FC9584A9CB /* Info.plist */,
			);
			name = Resources;
			sourceTree = "<group>";
		};
		14967A55B7F14BB1A8E38938 /* vnm */ = {
			isa = PBXGroup;
			children = (
				A088E9DB3E1245339DB03B23 /* src */,
				94AE56D4A406470B99DBDC83 /* include */,
			);
			name = vnm;
			sourceTree = "<group>";
		};
		2FB56A8B122946909B1F019E /* OpenCV3 */ = {
			isa = PBXGroup;
			children = (
				EC0260F1E4D34873958BBF09 /* include */,
			);
			name = OpenCV3;
			sourceTree = "<group>";
		};
		742EF2761D4D029600D5A305 /* cvar */ = {
			isa = PBXGroup;
			children = (
				742EF2771D4D029600D5A305 /* cameraCalibration.cpp */,
				742EF2781D4D029600D5A305 /* cameraCalibration.h */,
				742EF2791D4D029600D5A305 /* commonCvFunctions.cpp */,
				742EF27A1D4D029600D5A305 /* commonCvFunctions.h */,
				742EF27B1D4D029600D5A305 /* controlOR.cpp */,
				742EF27C1D4D029600D5A305 /* controlOR.h */,
				742EF27D1D4D029600D5A305 /* imageDB.cpp */,
				742EF27E1D4D029600D5A305 /* imageDB.h */,
				742EF27F1D4D029600D5A305 /* kltTrackingOBJ.cpp */,
				742EF2801D4D029600D5A305 /* kltTrackingOBJ.h */,
				742EF2811D4D029600D5A305 /* orException.cpp */,
				742EF2821D4D029600D5A305 /* orException.h */,
				742EF2831D4D029600D5A305 /* trackingOBJ.cpp */,
				742EF2841D4D029600D5A305 /* trackingOBJ.h */,
				742EF2851D4D029600D5A305 /* utilFunctions.cpp */,
				742EF2861D4D029600D5A305 /* utilFunctions.h */,
				742EF2871D4D029600D5A305 /* visualWords.cpp */,
				742EF2881D4D029600D5A305 /* visualWords.h */,
			);
			name = cvar;
			path = ../src/cvar;
			sourceTree = "<group>";
		};
		94AE56D4A406470B99DBDC83 /* include */ = {
			isa = PBXGroup;
			children = (
				240ABC6D25EC497DB1A41A8A /* AssetManager.h */,
				965047DF84FC467180B7338C /* CaptureHelper.h */,
				74681607BCEC43448F2C8DBD /* DistortionHelper.h */,
				B54742EB77AE442F9B341EAB /* GlslParamsBuilder.h */,
				DC70EBF3048E401EB413CCD4 /* MiniConfig.h */,
				C7869D53D8CB4454ADF3C7B2 /* MiniConfigImgui.h */,
				F134CD2FE0A14E4CBCFF45B5 /* MotionHelper.h */,
				BD1E6B430A5F400C83FD7E7F /* StateMachine.h */,
				2BFC963BC5834F2C952F0246 /* TextureHelper.h */,
			);
			name = include;
			sourceTree = "<group>";
		};
		99692BD914FF149000D0A05F /* Headers */ = {
			isa = PBXGroup;
			children = (
				989482DE57C847D59451D8D7 /* Resources.h */,
				DAD7B68264184A449702BBF8 /* CinderMarklessAR_Prefix.pch */,
			);
			name = Headers;
			sourceTree = "<group>";
		};
		99692BD914FF149000DFFFFF /* Blocks */ = {
			isa = PBXGroup;
			children = (
				2FB56A8B122946909B1F019E /* OpenCV3 */,
				14967A55B7F14BB1A8E38938 /* vnm */,
			);
			name = Blocks;
			sourceTree = "<group>";
		};
		A088E9DB3E1245339DB03B23 /* src */ = {
			isa = PBXGroup;
			children = (
				54883472418E4DDA9D9F4551 /* AssetManager.cpp */,
				5CBF69EE1CF64BE792CB0C98 /* DistortionHelper.cpp */,
				DB86359D379F4495A4E37207 /* MiniConfig.cpp */,
			);
			name = src;
			sourceTree = "<group>";
		};
		EC0260F1E4D34873958BBF09 /* include */ = {
			isa = PBXGroup;
			children = (
				918C8A08C4BE4120BD311AE5 /* CinderOpenCV.h */,
			);
			name = include;
			sourceTree = "<group>";
		};
/* End PBXGroup section */

/* Begin PBXNativeTarget section */
		00692BCE14FF149000D0A05E /* CinderMarklessAR */ = {
			isa = PBXNativeTarget;
			buildConfigurationList = 00692BF514FF149000D0A05E /* Build configuration list for PBXNativeTarget "CinderMarklessAR" */;
			buildPhases = (
				00692BCB14FF149000D0A05E /* Sources */,
				00692BCC14FF149000D0A05E /* Frameworks */,
				00692BCD14FF149000D0A05E /* Resources */,
			);
			buildRules = (
			);
			dependencies = (
			);
			name = CinderMarklessAR;
			productName = CinderMarklessAR;
			productReference = 00692BCF14FF149000D0A05E /* CinderMarklessAR.app */;
			productType = "com.apple.product-type.application";
		};
/* End PBXNativeTarget section */

/* Begin PBXProject section */
		00692BC614FF149000D0A05E /* Project object */ = {
			isa = PBXProject;
			attributes = {
				LastUpgradeCheck = 0730;
				TargetAttributes = {
					00692BCE14FF149000D0A05E = {
						DevelopmentTeam = C94329WK33;
					};
				};
			};
			buildConfigurationList = 00692BC914FF149000D0A05E /* Build configuration list for PBXProject "CinderMarklessAR" */;
			compatibilityVersion = "Xcode 3.2";
			developmentRegion = English;
			hasScannedForEncodings = 0;
			knownRegions = (
				en,
			);
			mainGroup = 00692BC414FF149000D0A05E;
			productRefGroup = 00692BD014FF149000D0A05E /* Products */;
			projectDirPath = "";
			projectRoot = "";
			targets = (
				00692BCE14FF149000D0A05E /* CinderMarklessAR */,
			);
		};
/* End PBXProject section */

/* Begin PBXResourcesBuildPhase section */
		00692BCD14FF149000D0A05E /* Resources */ = {
			isa = PBXResourcesBuildPhase;
			buildActionMask = 2147483647;
			files = (
				00748058165D41390024B57A /* assets in Resources */,
				A3E96E9C6C4F4D1695B1E887 /* CinderApp_ios.png in Resources */,
				BE72903DF0424478AA9312B6 /* Images.xcassets in Resources */,
				A0586F505E3C44DDAA5AC7D8 /* LaunchScreen.xib in Resources */,
			);
			runOnlyForDeploymentPostprocessing = 0;
		};
/* End PBXResourcesBuildPhase section */

/* Begin PBXSourcesBuildPhase section */
		00692BCB14FF149000D0A05E /* Sources */ = {
			isa = PBXSourcesBuildPhase;
			buildActionMask = 2147483647;
			files = (
				742EF2891D4D029600D5A305 /* cameraCalibration.cpp in Sources */,
				D438A5D1D92F490A96D995A9 /* CinderMarklessARApp.cpp in Sources */,
				742EF2911D4D029600D5A305 /* visualWords.cpp in Sources */,
				742EF28E1D4D029600D5A305 /* orException.cpp in Sources */,
				342838681C40479BA2622AB8 /* AssetManager.cpp in Sources */,
				742EF28B1D4D029600D5A305 /* controlOR.cpp in Sources */,
				CD2D52C1098F48A685B4200C /* DistortionHelper.cpp in Sources */,
				742EF28C1D4D029600D5A305 /* imageDB.cpp in Sources */,
				A863C7DC97014D2086E2F3F5 /* MiniConfig.cpp in Sources */,
				742EF28A1D4D029600D5A305 /* commonCvFunctions.cpp in Sources */,
				742EF2901D4D029600D5A305 /* utilFunctions.cpp in Sources */,
				742EF28D1D4D029600D5A305 /* kltTrackingOBJ.cpp in Sources */,
				742EF28F1D4D029600D5A305 /* trackingOBJ.cpp in Sources */,
			);
			runOnlyForDeploymentPostprocessing = 0;
		};
/* End PBXSourcesBuildPhase section */

/* Begin XCBuildConfiguration section */
		00692BF314FF149000D0A05E /* Debug */ = {
			isa = XCBuildConfiguration;
			buildSettings = {
				ALWAYS_SEARCH_USER_PATHS = NO;
				ASSETCATALOG_COMPILER_LAUNCHIMAGE_NAME = LaunchImage;
				CINDER_PATH = ../../Cinder;
				CLANG_CXX_LANGUAGE_STANDARD = "c++11";
				CLANG_CXX_LIBRARY = "libc++";
				CLANG_WARN_BOOL_CONVERSION = YES;
				CLANG_WARN_CONSTANT_CONVERSION = YES;
				CLANG_WARN_EMPTY_BODY = YES;
				CLANG_WARN_ENUM_CONVERSION = YES;
				CLANG_WARN_INT_CONVERSION = YES;
				CLANG_WARN_UNREACHABLE_CODE = YES;
				CLANG_WARN__DUPLICATE_METHOD_MATCH = YES;
				"CODE_SIGN_IDENTITY[sdk=iphoneos*]" = "iPhone Developer";
				COPY_PHASE_STRIP = NO;
				DEAD_CODE_STRIPPING = YES;
				ENABLE_BITCODE = NO;
				ENABLE_STRICT_OBJC_MSGSEND = YES;
				ENABLE_TESTABILITY = YES;
				GCC_C_LANGUAGE_STANDARD = gnu99;
				GCC_DYNAMIC_NO_PIC = NO;
				GCC_NO_COMMON_BLOCKS = YES;
				GCC_OPTIMIZATION_LEVEL = 0;
				GCC_PREPROCESSOR_DEFINITIONS = (
					"DEBUG=1",
					"$(inherited)",
				);
				GCC_SYMBOLS_PRIVATE_EXTERN = NO;
				GCC_VERSION = com.apple.compilers.llvm.clang.1_0;
				GCC_WARN_64_TO_32_BIT_CONVERSION = YES;
				GCC_WARN_ABOUT_MISSING_PROTOTYPES = YES;
				GCC_WARN_ABOUT_RETURN_TYPE = YES;
				GCC_WARN_UNDECLARED_SELECTOR = YES;
				GCC_WARN_UNINITIALIZED_AUTOS = YES;
				GCC_WARN_UNUSED_FUNCTION = YES;
				GCC_WARN_UNUSED_VARIABLE = YES;
				HEADER_SEARCH_PATHS = "\"$(CINDER_PATH)/include\"";
				IPHONEOS_DEPLOYMENT_TARGET = 6.0;
				ONLY_ACTIVE_ARCH = YES;
				SDKROOT = iphoneos;
				TARGETED_DEVICE_FAMILY = "1,2";
				USER_HEADER_SEARCH_PATHS = "\"$(CINDER_PATH)/include\" ../include \"../../Cinder/blocks/Cinder-OpenCV3/include\" \"../../Cinder/blocks/Cinder-VNM/include\"";
			};
			name = Debug;
		};
		00692BF414FF149000D0A05E /* Release */ = {
			isa = XCBuildConfiguration;
			buildSettings = {
				ALWAYS_SEARCH_USER_PATHS = NO;
				ASSETCATALOG_COMPILER_LAUNCHIMAGE_NAME = LaunchImage;
				CINDER_PATH = ../../Cinder;
				CLANG_CXX_LANGUAGE_STANDARD = "c++11";
				CLANG_CXX_LIBRARY = "libc++";
				CLANG_WARN_BOOL_CONVERSION = YES;
				CLANG_WARN_CONSTANT_CONVERSION = YES;
				CLANG_WARN_EMPTY_BODY = YES;
				CLANG_WARN_ENUM_CONVERSION = YES;
				CLANG_WARN_INT_CONVERSION = YES;
				CLANG_WARN_UNREACHABLE_CODE = YES;
				CLANG_WARN__DUPLICATE_METHOD_MATCH = YES;
				"CODE_SIGN_IDENTITY[sdk=iphoneos*]" = "iPhone Developer";
				COPY_PHASE_STRIP = YES;
				DEAD_CODE_STRIPPING = YES;
				ENABLE_BITCODE = NO;
				ENABLE_STRICT_OBJC_MSGSEND = YES;
				GCC_C_LANGUAGE_STANDARD = gnu99;
				GCC_NO_COMMON_BLOCKS = YES;
				GCC_PREPROCESSOR_DEFINITIONS = (
					"NDEBUG=1",
					"$(inherited)",
				);
				GCC_VERSION = com.apple.compilers.llvm.clang.1_0;
				GCC_WARN_64_TO_32_BIT_CONVERSION = YES;
				GCC_WARN_ABOUT_MISSING_PROTOTYPES = YES;
				GCC_WARN_ABOUT_RETURN_TYPE = YES;
				GCC_WARN_UNDECLARED_SELECTOR = YES;
				GCC_WARN_UNINITIALIZED_AUTOS = YES;
				GCC_WARN_UNUSED_FUNCTION = YES;
				GCC_WARN_UNUSED_VARIABLE = YES;
				HEADER_SEARCH_PATHS = "\"$(CINDER_PATH)/include\"";
				IPHONEOS_DEPLOYMENT_TARGET = 6.0;
				OTHER_CFLAGS = "-DNS_BLOCK_ASSERTIONS=1";
				SDKROOT = iphoneos;
				TARGETED_DEVICE_FAMILY = "1,2";
				USER_HEADER_SEARCH_PATHS = "\"$(CINDER_PATH)/include\" ../include \"../../Cinder/blocks/Cinder-OpenCV3/include\" \"../../Cinder/blocks/Cinder-VNM/include\"";
				VALIDATE_PRODUCT = YES;
			};
			name = Release;
		};
		00692BF614FF149000D0A05E /* Debug */ = {
			isa = XCBuildConfiguration;
			buildSettings = {
				CODE_SIGN_IDENTITY = "iPhone Developer";
				"CODE_SIGN_IDENTITY[sdk=iphoneos*]" = "iPhone Developer";
				GCC_PRECOMPILE_PREFIX_HEADER = YES;
				GCC_PREFIX_HEADER = CinderMarklessAR_Prefix.pch;
				INFOPLIST_FILE = Info.plist;
				"OTHER_LDFLAGS[sdk=iphoneos*][arch=*]" = (
					"\"$(CINDER_PATH)/lib/libcinder-iphone_d.a\"",
					"-lz",
					"\"../../Cinder/blocks/Cinder-OpenCV3/lib/ios/libopencv.a\"",
				);
				"OTHER_LDFLAGS[sdk=iphonesimulator*][arch=*]" = (
					"\"$(CINDER_PATH)/lib/libcinder-iphone-sim_d.a\"",
					"-lz",
					"\"../../Cinder/blocks/Cinder-OpenCV3/lib/ios-sim/libopencv.a\"",
				);
				PRODUCT_BUNDLE_IDENTIFIER = "org.libcinder.${PRODUCT_NAME:rfc1034identifier}";
				PRODUCT_NAME = "$(TARGET_NAME)";
				PROVISIONING_PROFILE = "";
				WRAPPER_EXTENSION = app;
			};
			name = Debug;
		};
		00692BF714FF149000D0A05E /* Release */ = {
			isa = XCBuildConfiguration;
			buildSettings = {
				CODE_SIGN_IDENTITY = "iPhone Developer";
				"CODE_SIGN_IDENTITY[sdk=iphoneos*]" = "iPhone Developer";
				GCC_PRECOMPILE_PREFIX_HEADER = YES;
				GCC_PREFIX_HEADER = CinderMarklessAR_Prefix.pch;
				INFOPLIST_FILE = Info.plist;
				"OTHER_LDFLAGS[sdk=iphoneos*][arch=*]" = (
					"\"$(CINDER_PATH)/lib/libcinder-iphone.a\"",
					"-lz",
					"\"../../Cinder/blocks/Cinder-OpenCV3/lib/ios/libopencv.a\"",
				);
				"OTHER_LDFLAGS[sdk=iphonesimulator*][arch=*]" = (
					"\"$(CINDER_PATH)/lib/libcinder-iphone-sim.a\"",
					"-lz",
					"\"../../Cinder/blocks/Cinder-OpenCV3/lib/ios-sim/libopencv.a\"",
				);
				PRODUCT_BUNDLE_IDENTIFIER = "org.libcinder.${PRODUCT_NAME:rfc1034identifier}";
				PRODUCT_NAME = "$(TARGET_NAME)";
				PROVISIONING_PROFILE = "";
				WRAPPER_EXTENSION = app;
			};
			name = Release;
		};
/* End XCBuildConfiguration section */

/* Begin XCConfigurationList section */
		00692BC914FF149000D0A05E /* Build configuration list for PBXProject "CinderMarklessAR" */ = {
			isa = XCConfigurationList;
			buildConfigurations = (
				00692BF314FF149000D0A05E /* Debug */,
				00692BF414FF149000D0A05E /* Release */,
			);
			defaultConfigurationIsVisible = 0;
			defaultConfigurationName = Release;
		};
		00692BF514FF149000D0A05E /* Build configuration list for PBXNativeTarget "CinderMarklessAR" */ = {
			isa = XCConfigurationList;
			buildConfigurations = (
				00692BF614FF149000D0A05E /* Debug */,
				00692BF714FF149000D0A05E /* Release */,
			);
			defaultConfigurationIsVisible = 0;
			defaultConfigurationName = Release;
		};
/* End XCConfigurationList section */
	};
	rootObject = 00692BC614FF149000D0A05E /* Project object */;
}
